{
  "lockfileVersion": 2,
  "configVersion": 1,
  "workspaces": {
    "": {
      "name": "speckit-squads",
      "devDependencies": {
        "@types/bun": "^1.4.2",
        "@typesafe-ai/sdk": "0.6.0",
        "oxc-parser": "0.151.0",
        "typescript": "7.0.2",
      },
    },
  },
  "packages": {
    "@oxc-parser/binding-android-arm-eabi": ["@oxc-parser/binding-android-arm-eabi@0.151.0", "", { "os": "android", "cpu": "arm" }, "sha512-QLfrdT2XmHMo8krBiKHtnTtU2ugxruwnIWMcIl5qpCRV9KPZk1s2YZzSHkIjzabLxG6/1yOoDLvqfS3TrJhfWA=="],

    "@oxc-parser/binding-android-arm64": ["@oxc-parser/binding-android-arm64@0.151.0", "", { "os": "android", "cpu": "arm64" }, "sha512-APzs9QxkLGR85I6Slb93Onsd+9ZdR+PdKIy0g8oOuipiBRtXbEE3PW1QpRn3O2C9dCsfAC8+t7dWGRyByiTqJQ=="],

    "@oxc-parser/binding-darwin-arm64": ["@oxc-parser/binding-darwin-arm64@0.151.0", "", { "os": "darwin", "cpu": "arm64" }, "sha512-uPj085g+2TcYKm4LrPOF6mU/ilb48ghAfLMA+YIxaSAasgDAXO0c5UMjRrB9L59A1aMU9fvPtCGoW9cov9UtFQ=="],

    "@oxc-parser/binding-darwin-x64": ["@oxc-parser/binding-darwin-x64@0.151.0", "", { "os": "darwin", "cpu": "x64" }, "sha512-gqOyGZsEX9r8i37ONL2X8heUKCbTAY3UvaWlEJKPJYdgaYoIAXSuZrG27legT+0e4m0X/53RupoH6lfbxtMiMw=="],

    "@oxc-parser/binding-freebsd-x64": ["@oxc-parser/binding-freebsd-x64@0.151.0", "", { "os": "freebsd", "cpu": "x64" }, "sha512-Uih9lYFoB9k87b8jZ2263b8/HC0AuCQo9qPfu14KjoDmC7AmGvo4pCLiuEVVHjQycUjTO2dNtG39MIGUuCOx3A=="],

    "@oxc-parser/binding-linux-arm-gnueabihf": ["@oxc-parser/binding-linux-arm-gnueabihf@0.151.0", "", { "os": "linux", "cpu": "arm" }, "sha512-BW9ryFV0V7h37xAEpb1rx+jI/ArFjXlSvJ2CaPwqxCj+kcJdDMvt5/PpWLRRk56UpNpxpq/5+puTUd0/4OPCZw=="],

    "@oxc-parser/binding-linux-arm-musleabihf": ["@oxc-parser/binding-linux-arm-musleabihf@0.151.0", "", { "os": "linux", "cpu": "arm" }, "sha512-68zJuPgiFpZ9FF5WgpJiE9cukBZVNv79Yod2VV/wJLaiws+abCEfcxwVEH0608a7E/0zOO1Pj2iY7UrnUS8ydg=="],

    "@oxc-parser/binding-linux-arm64-gnu": ["@oxc-parser/binding-linux-arm64-gnu@0.151.0", "", { "os": "linux", "cpu": "arm64" }, "sha512-s/CCfZQcqoRo4Ij7ML43Yhe+gJZU7zmudd6StA0T9WDFPLaiWMoBlPRmoS39jPpODxPwI/6yPoiyjKOMNzSqCg=="],

    "@oxc-parser/binding-linux-arm64-musl": ["@oxc-parser/binding-linux-arm64-musl@0.151.0", "", { "os": "linux", "cpu": "arm64" }, "sha512-QSjn7WWZNGDTRlMT0SUGDHZNI9XOhGXWdqhL/FuDR/nh0MOqGQT8OHGBy95mZHne4WvoS0OgnUl/+55u07yBiQ=="],

    "@oxc-parser/binding-linux-ppc64-gnu": ["@oxc-parser/binding-linux-ppc64-gnu@0.151.0", "", { "os": "linux", "cpu": "ppc64" }, "sha512-RnvhC+cOND1dsNqbsirtZa9IWVJCCnxIZxs7nAvW0ZFjqqofwKbR3+TNKPqx2eASRC6+b78rZMLiNbDeDUp8+w=="],

    "@oxc-parser/binding-linux-riscv64-gnu": ["@oxc-parser/binding-linux-riscv64-gnu@0.151.0", "", { "os": "linux", "cpu": "none" }, "sha512-fpwItfDNVDgXOMV6GdMHD3QV3NdYWhwDH0E8BRuYNeQyUKchb8sNLvAQg+g1HxENvrYjiLqLWAafOja44/sLig=="],

    "@oxc-parser/binding-linux-riscv64-musl": ["@oxc-parser/binding-linux-riscv64-musl@0.151.0", "", { "os": "linux", "cpu": "none" }, "sha512-fKchmw5aUlZem7uZZfxsQAl53cFiGWrAKhwjYxvJFiBPQyC9CZ2P7Qhv9unDJSezChu6iJ6XGQWQnRUyLp7j5g=="],

    "@oxc-parser/binding-linux-s390x-gnu": ["@oxc-parser/binding-linux-s390x-gnu@0.151.0", "", { "os": "linux", "cpu": "s390x" }, "sha512-vDtxikQV1AixMY5pFAW5tDtGHmoexjGpEgtmPBAF3tXvEubm9KucxV0CxtuAIGEZ1aGyvZ74Hfryb7Vvq52F3Q=="],

    "@oxc-parser/binding-linux-x64-gnu": ["@oxc-parser/binding-linux-x64-gnu@0.151.0", "", { "os": "linux", "cpu": "x64" }, "sha512-JHB/TuPCUdnkMq9RXB7C/SZuauJUp1EYHi5DaH7ge7uNlCY4AOhc0QeWOjo2rj308+NjxgTwminglWpqlllAig=="],

    "@oxc-parser/binding-linux-x64-musl": ["@oxc-parser/binding-linux-x64-musl@0.151.0", "", { "os": "linux", "cpu": "x64" }, "sha512-rkoZa4Wv5LbUHdCJ+3vC9G68r49gaoaQPg52Jx7+aC60q3QHIiysrDHQlQ3hiIevsmDl0RgzD+Y389q/hb34WA=="],

    "@oxc-parser/binding-openharmony-arm64": ["@oxc-parser/binding-openharmony-arm64@0.151.0", "", { "os": "none", "cpu": "arm64" }, "sha512-zp74XxS9WHSp6ct8LEoTa87F5pJOjFPG0o7dg2YCXaKo0raxabpFMC7NTbefIzWmF9KLIuJF/Rg6CPIu6P/Aaw=="],

    "@oxc-parser/binding-win32-arm64-msvc": ["@oxc-parser/binding-win32-arm64-msvc@0.151.0", "", { "os": "win32", "cpu": "arm64" }, "sha512-xtqapASyiSTv6rdm29kKFoDsxTo1oCmMfhPLGCDbZQ0Y6sU4m7IPEH05NgNEs2SrTErBuldkvS6e0Aqzmu0BgQ=="],

    "@oxc-parser/binding-win32-ia32-msvc": ["@oxc-parser/binding-win32-ia32-msvc@0.151.0", "", { "os": "win32", "cpu": "ia32" }, "sha512-9s4L40gxkolXQx1Q675XEZqgI4j+7+os4kZAFHdrDQVapjB9J2iodub7A8VAZ0cGTfhZNLH4D9L26fwEyqu3fg=="],

    "@oxc-parser/binding-win32-x64-msvc": ["@oxc-parser/binding-win32-x64-msvc@0.151.0", "", { "os": "win32", "cpu": "x64" }, "sha512-temy3DJf08taii88l13vfs5Om/HWECLSAj5Ca7ANMvocrekAgCuPC4GeHLi0mJ0cmGPznfeaaj80wqQoPIRYPA=="],

    "@oxc-project/types": ["@oxc-project/types@0.151.0", "", {}, "sha512-J1yXrIlNDZVzE3ada310xeAw7nH8yCAyLPuUIsjKatFPmfn5bS1oW+cM+QsGOtVWd5nhSpbwZWx/rue+r5Z+PA=="],

    "@types/bun": ["@types/bun@1.4.2", "", { "dependencies": { "bun-types": "1.4.2" } }, "sha512-GimotNn7+ZV0uVArItBbriZsR1oNf0+WTzPkdcFrzShI7k2norL0uzEaJT8T33dWr7O/c9ZDuAFQrctKCi72oQ=="],

    "@types/node": ["@types/node@26.6.3", "", { "dependencies": { "undici-types": "~8.9.0" } }, "sha512-dsqMQQoeTLqu9wynDD00q573mNzso3IdQOAfHRJqLCcmCFPoGo9A1bDpUcv/9tnKpErQWv9uKeGfl37EIS02Yg=="],

    "@typesafe-ai/sdk": ["@typesafe-ai/sdk@0.6.0", "", {}, "sha512-IddX+Q0XM+VagOUZFeP7wZjaO4SHMdvnh2zEBdrZZnXedWI3BNK1lKhMx3ayrkFWvVLbVcUHJy6AVZlY+e6Jaw=="],

    "@typescript/typescript-aix-ppc64": ["@typescript/typescript-aix-ppc64@7.0.2", "", { "os": "aix", "cpu": "ppc64" }, "sha512-MTKKkWB7p/0E9xi1d1tHtZ5PiLkGEMIq88pK2CubZjOsLtYTLqhgIgi6zepFa+9GHZ6h05NMCkQxGKiPXMxXtQ=="],

    "@typescript/typescript-darwin-arm64": ["@typescript/typescript-darwin-arm64@7.0.2", "", { "os": "darwin", "cpu": "arm64" }, "sha512-gowzar9MwS/aRWp6f3a4KUqzRjAZjOsmGNCM6LcTgXum+dBfgsBVMN+AgvOCCbguXyick6LJhpBszxMebJ8syA=="],

    "@typescript/typescript-darwin-x64": ["@typescript/typescript-darwin-x64@7.0.2", "", { "os": "darwin", "cpu": "x64" }, "sha512-SZ9xZInqApNlNGc9s0W1VSsktYSOe9cFqNOIqmN1Gs8SmkjKZYFt017G4VwPxASInODuAdbTW7sXiFUf893RgA=="],

    "@typescript/typescript-freebsd-arm64": ["@typescript/typescript-freebsd-arm64@7.0.2", "", { "os": "freebsd", "cpu": "arm64" }, "sha512-W5NH4y/J0plIIS5b2xvTEkU7JFxyqdMAOgf+Ilhl0vHQXKO5dZoxd+C/jEtq56c4F3wk71RB4BMRQ2XdI+bwYQ=="],

    "@typescript/typescript-freebsd-x64": ["@typescript/typescript-freebsd-x64@7.0.2", "", { "os": "freebsd", "cpu": "x64" }, "sha512-UMGDx5sTpzNw3WiPebH7l90IWfJggEd+egHt/q6p7/Cm3zqoV7VxkGXt+3DxPIw8CcmvAB0j3sVVfbhX+M4Tpw=="],

    "@typescript/typescript-linux-arm": ["@typescript/typescript-linux-arm@7.0.2", "", { "os": "linux", "cpu": "arm" }, "sha512-gffT3xPz9sR7j/YJExkyPntrI0P2EP9XbOyWzth2/Gs0RstK+90RBcO0ncXoXy/beYll1SXw846Nf2zdnEz0QQ=="],

    "@typescript/typescript-linux-arm64": ["@typescript/typescript-linux-arm64@7.0.2", "", { "os": "linux", "cpu": "arm64" }, "sha512-Qh4eU4/y3yDjnfjjyPYihMj5/ODIlmt+Bzu17OI+fiSRDW57QmU5SiN63exPRNJPKUzcc1INa1NXdrJ+MqHjUQ=="],

    "@typescript/typescript-linux-loong64": ["@typescript/typescript-linux-loong64@7.0.2", "", { "os": "linux", "cpu": "none" }, "sha512-uEHck9i8hoAzXPiYRib1O7miOnz23SxIeVl6F4LXox+qov1K35jHcEW6VHKvZI+pyvl7fZEP4MCU5LYvIq1GuQ=="],

    "@typescript/typescript-linux-mips64el": ["@typescript/typescript-linux-mips64el@7.0.2", "", { "os": "linux", "cpu": "none" }, "sha512-R4KvAMnE43W5Qeqb0Ly56O3mWMWIAgsMyz36DCaycd5nbg/9kzm0liw3JocfRqyJY0KPmzFjbswozXyW0DnIYA=="],

    "@typescript/typescript-linux-ppc64": ["@typescript/typescript-linux-ppc64@7.0.2", "", { "os": "linux", "cpu": "ppc64" }, "sha512-DORx5b3sd/4S7eayxm4FQv+A7CrkUIGRaHiwI8oiHTAI1fAPWhF4J0vAlkC8biAlHSVVwxMQ3tjZ2/DVbnQiiA=="],

    "@typescript/typescript-linux-riscv64": ["@typescript/typescript-linux-riscv64@7.0.2", "", { "os": "linux", "cpu": "none" }, "sha512-wf0jqEDOjrPRnKwYRyyJDRo11KMbvMFrU+q4zqKyChODBzvlkbhNQfKvLxQCcwTpdDaXSHZTVuh0JoCrKCUMHQ=="],

    "@typescript/typescript-linux-s390x": ["@typescript/typescript-linux-s390x@7.0.2", "", { "os": "linux", "cpu": "s390x" }, "sha512-IkwJc3L7yhytWd/ewjyxNDfOmswCm9GWMJT/ue/dU4aZNbwZeYAetq42VyLmsmSjvoX7z74X6ZaYCtzAr0EuGw=="],

    "@typescript/typescript-linux-x64": ["@typescript/typescript-linux-x64@7.0.2", "", { "os": "linux", "cpu": "x64" }, "sha512-EYdf2cNg7rgCWJnxCdJ+F3V39O8ihb37eHAu1LK8oAFizgTQbPOK7zHHXbPt8rX24COqODXeI3sIf0fCXG7H/A=="],

    "@typescript/typescript-netbsd-arm64": ["@typescript/typescript-netbsd-arm64@7.0.2", "", { "os": "none", "cpu": "arm64" }, "sha512-+polYF4MF04aPpO5FTkHran9yUQDSXqy5GiSDKpsll5jy3l3+g9QLhpf39T+ePtefhXLOGrLl0QIjkQP6VnelA=="],

    "@typescript/typescript-netbsd-x64": ["@typescript/typescript-netbsd-x64@7.0.2", "", { "os": "none", "cpu": "x64" }, "sha512-8YIT0EHM/3dq10ZOVF/A7pc/YSMtbcecct4rWtexrnSCHOPcpC2KTLXfTCR6vDpnSiY12heNb1GiN/wu+T/FyA=="],

    "@typescript/typescript-openbsd-arm64": ["@typescript/typescript-openbsd-arm64@7.0.2", "", { "os": "openbsd", "cpu": "arm64" }, "sha512-APT8+ClYnuYm1u9+kgGXoMj2VzWzcymwh2gNSQVySHfkRDGOTVkoWLjCmOQSaO+PoqQ57B0flRp9SA+7GnnkzQ=="],

    "@typescript/typescript-openbsd-x64": ["@typescript/typescript-openbsd-x64@7.0.2", "", { "os": "openbsd", "cpu": "x64" }, "sha512-yX7s+Q0Dln0Dt9tEzZsAjXXR/+ytBM7AlglaqyeMPxQszJ1JhlJdZ6jLA+IzldHtflX81em7lDao1xXu+aRRkg=="],

    "@typescript/typescript-sunos-x64": ["@typescript/typescript-sunos-x64@7.0.2", "", { "os": "sunos", "cpu": "x64" }, "sha512-dLJDGaLZ1D4HPQn62u1n8mBDkJREwMsAkCdkwd4Ieqw+x3TUyTsqY0YiBCtE6H6OzzgGk3iuZ3vFWRS+E8/d1g=="],

    "@typescript/typescript-win32-arm64": ["@typescript/typescript-win32-arm64@7.0.2", "", { "os": "win32", "cpu": "arm64" }, "sha512-Gyl1Vy6OsWesLzmq+EP0Fb7b4Nid5232AvcA2SFcdYreldpNtYFFofPjnt62y9hQy7VTaZp65ICJjuAQRaVcIQ=="],

    "@typescript/typescript-win32-x64": ["@typescript/typescript-win32-x64@7.0.2", "", { "os": "win32", "cpu": "x64" }, "sha512-0BQ3HkAHHlKLSp1qRvf3SUhGpGsDuhB/jgFw75guyqbxJqEaS0Cw/VFO8i2nHglJUzQCRtMMR/IBAKE3ETMC4g=="],

    "bun-types": ["bun-types@1.4.2", "", { "dependencies": { "@types/node": "*" } }, "sha512-bxV1FgK7yBIzjRe5zBozIM4Bem11ZJcCXSrjWRG3YWLt8yFDePu4cLjpebO8OvPeIE9trbyPF4fuj3Cia4Fj3w=="],

    "oxc-parser": ["oxc-parser@0.151.0", "", { "dependencies": { "@oxc-project/types": "^0.151.0" }, "optionalDependencies": { "@oxc-parser/binding-android-arm-eabi": "0.151.0", "@oxc-parser/binding-android-arm64": "0.151.0", "@oxc-parser/binding-darwin-arm64": "0.151.0", "@oxc-parser/binding-darwin-x64": "0.151.0", "@oxc-parser/binding-freebsd-x64": "0.151.0", "@oxc-parser/binding-linux-arm-gnueabihf": "0.151.0", "@oxc-parser/binding-linux-arm-musleabihf": "0.151.0", "@oxc-parser/binding-linux-arm64-gnu": "0.151.0", "@oxc-parser/binding-linux-arm64-musl": "0.151.0", "@oxc-parser/binding-linux-ppc64-gnu": "0.151.0", "@oxc-parser/binding-linux-riscv64-gnu": "0.151.0", "@oxc-parser/binding-linux-riscv64-musl": "0.151.0", "@oxc-parser/binding-linux-s390x-gnu": "0.151.0", "@oxc-parser/binding-linux-x64-gnu": "0.151.0", "@oxc-parser/binding-linux-x64-musl": "0.151.0", "@oxc-parser/binding-openharmony-arm64": "0.151.0", "@oxc-parser/binding-win32-arm64-msvc": "0.151.0", "@oxc-parser/binding-win32-ia32-msvc": "0.151.0", "@oxc-parser/binding-win32-x64-msvc": "0.151.0" } }, "sha512-cX++XpBDCtSe52KKH3rhbh6xIRidYPpyB2reI3azD4l+Y0ci4JZiUgVXyM/r9rrMnYZf9gdWi+9fvFl1wol7nA=="],

    "typescript": ["typescript@7.0.2", "", { "optionalDependencies": { "@typescript/typescript-aix-ppc64": "7.0.2", "@typescript/typescript-darwin-arm64": "7.0.2", "@typescript/typescript-darwin-x64": "7.0.2", "@typescript/typescript-freebsd-arm64": "7.0.2", "@typescript/typescript-freebsd-x64": "7.0.2", "@typescript/typescript-linux-arm": "7.0.2", "@typescript/typescript-linux-arm64": "7.0.2", "@typescript/typescript-linux-loong64": "7.0.2", "@typescript/typescript-linux-mips64el": "7.0.2", "@typescript/typescript-linux-ppc64": "7.0.2", "@typescript/typescript-linux-riscv64": "7.0.2", "@typescript/typescript-linux-s390x": "7.0.2", "@typescript/typescript-linux-x64": "7.0.2", "@typescript/typescript-netbsd-arm64": "7.0.2", "@typescript/typescript-netbsd-x64": "7.0.2", "@typescript/typescript-openbsd-arm64": "7.0.2", "@typescript/typescript-openbsd-x64": "7.0.2", "@typescript/typescript-sunos-x64": "7.0.2", "@typescript/typescript-win32-arm64": "7.0.2", "@typescript/typescript-win32-x64": "7.0.2" }, "bin": { "tsc": "bin/tsc" } }, "sha512-8FYau96o3NKOhbjKi/qNvG/W5jhzxkbdm5sj9AbZ/5T5sWqn3hJgLfGx27sRKZWTvyzCP8dLRBTf5tBTSRVUNA=="],

    "undici-types": ["undici-types@8.9.0", "", {}, "sha512-KTDyRTYX8sWmKXAikPHHSyc63CRPETMctyjKFupcC6OBLXT3xsN0e9aF7m+mIXutFWpUXuedtowG7iLOzp0kQg=="],
  }
}
